
Microsoft Visual Studio Solution File, Format Version 12.00
# Visual Studio Version 16
VisualStudioVersion = 16.0.29519.87
MinimumVisualStudioVersion = 10.0.40219.1
Project("{9A19103F-16F7-4668-BE54-9A1E7A4F7556}") = "Crud-Produto-Marca", "Crud-Produto-Marca.csproj", "{3C10EB63-EABD-4CB1-B2FD-1DB0B1FC017D}"
EndProject
Global
	GlobalSection(SolutionConfigurationPlatforms) = preSolution
		Debug|Any CPU = Debug|Any CPU
		Release|Any CPU = Release|Any CPU
	EndGlobalSection
	GlobalSection(ProjectConfigurationPlatforms) = postSolution
		{3C10EB63-EABD-4CB1-B2FD-1DB0B1FC017D}.Debug|Any CPU.ActiveCfg = Debug|Any CPU
		{3C10EB63-EABD-4CB1-B2FD-1DB0B1FC017D}.Debug|Any CPU.Build.0 = Debug|Any CPU
		{3C10EB63-EABD-4CB1-B2FD-1DB0B1FC017D}.Release|Any CPU.ActiveCfg = Release|Any CPU
		{3C10EB63-EABD-4CB1-B2FD-1DB0B1FC017D}.Release|Any CPU.Build.0 = Release|Any CPU
	EndGlobalSection
	GlobalSection(SolutionProperties) = preSolution
		HideSolutionNode = FALSE
	EndGlobalSection
	GlobalSection(ExtensibilityGlobals) = postSolution
		SolutionGuid = {163B5DBD-AAA1-4585-B1EB-D151E7CC2232}
	EndGlobalSection
EndGlobal
